
Microsoft Visual Studio Solution File, Format Version 12.00
# Visual Studio Version 17
VisualStudioVersion = 17.12.35514.174
MinimumVisualStudioVersion = 10.0.40219.1
Project("{FAE04EC0-301F-11D3-BF4B-00C04F79EFBC}") = "CancellationTokens", "src\CancellationTokens\CancellationTokens.csproj", "{1DFD2902-A822-45E6-94C1-29BF623D1F62}"
EndProject
Project("{FAE04EC0-301F-11D3-BF4B-00C04F79EFBC}") = "CancellationTokens.Tests", "src\CancellationTokens.Tests\CancellationTokens.Tests.csproj", "{DC5DEC4B-1606-4D7D-8D13-7D24EBC7B808}"
EndProject
Global
	GlobalSection(SolutionConfigurationPlatforms) = preSolution
		Debug|Any CPU = Debug|Any CPU
		Release|Any CPU = Release|Any CPU
	EndGlobalSection
	GlobalSection(ProjectConfigurationPlatforms) = postSolution
		{1DFD2902-A822-45E6-94C1-29BF623D1F62}.Debug|Any CPU.ActiveCfg = Debug|Any CPU
		{1DFD2902-A822-45E6-94C1-29BF623D1F62}.Debug|Any CPU.Build.0 = Debug|Any CPU
		{1DFD2902-A822-45E6-94C1-29BF623D1F62}.Release|Any CPU.ActiveCfg = Release|Any CPU
		{1DFD2902-A822-45E6-94C1-29BF623D1F62}.Release|Any CPU.Build.0 = Release|Any CPU
		{DC5DEC4B-1606-4D7D-8D13-7D24EBC7B808}.Debug|Any CPU.ActiveCfg = Debug|Any CPU
		{DC5DEC4B-1606-4D7D-8D13-7D24EBC7B808}.Debug|Any CPU.Build.0 = Debug|Any CPU
		{DC5DEC4B-1606-4D7D-8D13-7D24EBC7B808}.Release|Any CPU.ActiveCfg = Release|Any CPU
		{DC5DEC4B-1606-4D7D-8D13-7D24EBC7B808}.Release|Any CPU.Build.0 = Release|Any CPU
	EndGlobalSection
	GlobalSection(SolutionProperties) = preSolution
		HideSolutionNode = FALSE
	EndGlobalSection
EndGlobal
